
Microsoft Visual Studio Solution File, Format Version 12.00
# Visual Studio Version 17
VisualStudioVersion = 17.4.33110.190
MinimumVisualStudioVersion = 10.0.40219.1
Project("{FAE04EC0-301F-11D3-BF4B-00C04F79EFBC}") = "LoskArkAuction", "Http\LoskArkAuction.csproj", "{AB300229-9A6D-4002-A4CD-A9F94FA07E41}"
EndProject
Project("{FAE04EC0-301F-11D3-BF4B-00C04F79EFBC}") = "Engrave", "Engrave\Engrave.csproj", "{3114CAB0-B6F8-43DE-AE98-FAF5DFCBA3FA}"
EndProject
Global
	GlobalSection(SolutionConfigurationPlatforms) = preSolution
		Debug|Any CPU = Debug|Any CPU
		Debug|ARM64 = Debug|ARM64
		Release|Any CPU = Release|Any CPU
		Release|ARM64 = Release|ARM64
	EndGlobalSection
	GlobalSection(ProjectConfigurationPlatforms) = postSolution
		{AB300229-9A6D-4002-A4CD-A9F94FA07E41}.Debug|Any CPU.ActiveCfg = Debug|Any CPU
		{AB300229-9A6D-4002-A4CD-A9F94FA07E41}.Debug|Any CPU.Build.0 = Debug|Any CPU
		{AB300229-9A6D-4002-A4CD-A9F94FA07E41}.Debug|ARM64.ActiveCfg = Debug|ARM64
		{AB300229-9A6D-4002-A4CD-A9F94FA07E41}.Debug|ARM64.Build.0 = Debug|ARM64
		{AB300229-9A6D-4002-A4CD-A9F94FA07E41}.Release|Any CPU.ActiveCfg = Release|Any CPU
		{AB300229-9A6D-4002-A4CD-A9F94FA07E41}.Release|Any CPU.Build.0 = Release|Any CPU
		{AB300229-9A6D-4002-A4CD-A9F94FA07E41}.Release|ARM64.ActiveCfg = Release|ARM64
		{AB300229-9A6D-4002-A4CD-A9F94FA07E41}.Release|ARM64.Build.0 = Release|ARM64
		{3114CAB0-B6F8-43DE-AE98-FAF5DFCBA3FA}.Debug|Any CPU.ActiveCfg = Debug|Any CPU
		{3114CAB0-B6F8-43DE-AE98-FAF5DFCBA3FA}.Debug|Any CPU.Build.0 = Debug|Any CPU
		{3114CAB0-B6F8-43DE-AE98-FAF5DFCBA3FA}.Debug|ARM64.ActiveCfg = Debug|Any CPU
		{3114CAB0-B6F8-43DE-AE98-FAF5DFCBA3FA}.Debug|ARM64.Build.0 = Debug|Any CPU
		{3114CAB0-B6F8-43DE-AE98-FAF5DFCBA3FA}.Release|Any CPU.ActiveCfg = Release|Any CPU
		{3114CAB0-B6F8-43DE-AE98-FAF5DFCBA3FA}.Release|Any CPU.Build.0 = Release|Any CPU
		{3114CAB0-B6F8-43DE-AE98-FAF5DFCBA3FA}.Release|ARM64.ActiveCfg = Release|Any CPU
		{3114CAB0-B6F8-43DE-AE98-FAF5DFCBA3FA}.Release|ARM64.Build.0 = Release|Any CPU
	EndGlobalSection
	GlobalSection(SolutionProperties) = preSolution
		HideSolutionNode = FALSE
	EndGlobalSection
	GlobalSection(ExtensibilityGlobals) = postSolution
		SolutionGuid = {2C39393C-081B-43A7-9AC1-05CD368BCA1B}
	EndGlobalSection
EndGlobal
